
Microsoft Visual Studio Solution File, Format Version 12.00
# Visual Studio 15
VisualStudioVersion = 15.0.28010.2041
MinimumVisualStudioVersion = 10.0.40219.1
Project("{FAE04EC0-301F-11D3-BF4B-00C04F79EFBC}") = "16Nov2018Modifiers", "16Nov2018Modifiers\16Nov2018Modifiers.csproj", "{5A650F2A-9EF6-4527-9588-F7533F4FFB2E}"
EndProject
Project("{FAE04EC0-301F-11D3-BF4B-00C04F79EFBC}") = "assembly1", "assembly1\assembly1.csproj", "{48841DE4-292E-4283-B313-05AEA9A5B02E}"
EndProject
Project("{FAE04EC0-301F-11D3-BF4B-00C04F79EFBC}") = "Assembly2", "Assembly2\Assembly2.csproj", "{EC498FE2-00CD-44BB-A086-4AE3D0D58E90}"
EndProject
Global
	GlobalSection(SolutionConfigurationPlatforms) = preSolution
		Debug|Any CPU = Debug|Any CPU
		Release|Any CPU = Release|Any CPU
	EndGlobalSection
	GlobalSection(ProjectConfigurationPlatforms) = postSolution
		{5A650F2A-9EF6-4527-9588-F7533F4FFB2E}.Debug|Any CPU.ActiveCfg = Debug|Any CPU
		{5A650F2A-9EF6-4527-9588-F7533F4FFB2E}.Debug|Any CPU.Build.0 = Debug|Any CPU
		{5A650F2A-9EF6-4527-9588-F7533F4FFB2E}.Release|Any CPU.ActiveCfg = Release|Any CPU
		{5A650F2A-9EF6-4527-9588-F7533F4FFB2E}.Release|Any CPU.Build.0 = Release|Any CPU
		{48841DE4-292E-4283-B313-05AEA9A5B02E}.Debug|Any CPU.ActiveCfg = Debug|Any CPU
		{48841DE4-292E-4283-B313-05AEA9A5B02E}.Debug|Any CPU.Build.0 = Debug|Any CPU
		{48841DE4-292E-4283-B313-05AEA9A5B02E}.Release|Any CPU.ActiveCfg = Release|Any CPU
		{48841DE4-292E-4283-B313-05AEA9A5B02E}.Release|Any CPU.Build.0 = Release|Any CPU
		{EC498FE2-00CD-44BB-A086-4AE3D0D58E90}.Debug|Any CPU.ActiveCfg = Debug|Any CPU
		{EC498FE2-00CD-44BB-A086-4AE3D0D58E90}.Debug|Any CPU.Build.0 = Debug|Any CPU
		{EC498FE2-00CD-44BB-A086-4AE3D0D58E90}.Release|Any CPU.ActiveCfg = Release|Any CPU
		{EC498FE2-00CD-44BB-A086-4AE3D0D58E90}.Release|Any CPU.Build.0 = Release|Any CPU
	EndGlobalSection
	GlobalSection(SolutionProperties) = preSolution
		HideSolutionNode = FALSE
	EndGlobalSection
	GlobalSection(ExtensibilityGlobals) = postSolution
		SolutionGuid = {90979B37-B902-4202-9247-2AC5669E1AA7}
	EndGlobalSection
EndGlobal
